
Microsoft Visual Studio Solution File, Format Version 12.00
# Visual Studio 14
VisualStudioVersion = 14.0.23107.0
MinimumVisualStudioVersion = 10.0.40219.1
Project("{FAE04EC0-301F-11D3-BF4B-00C04F79EFBC}") = "ALSC.eInvoice", "ALSC.eInvoice\ALSC.eInvoice.csproj", "{99A2F589-62D1-42C4-B056-802BEF65D07E}"
EndProject
Project("{FAE04EC0-301F-11D3-BF4B-00C04F79EFBC}") = "TASK.Business", "TASK.Business\TASK.Business.csproj", "{B9F75098-E25F-466C-91CF-103032B28608}"
EndProject
Project("{FAE04EC0-301F-11D3-BF4B-00C04F79EFBC}") = "TASK.Service", "TASK.Service\TASK.Service.csproj", "{A837B338-2EAE-4D3A-8536-71FB77F8DD0B}"
EndProject
Project("{FAE04EC0-301F-11D3-BF4B-00C04F79EFBC}") = "TASK.Model", "TASK.Model\TASK.Model.csproj", "{DDA86CDD-D471-4DE0-998D-7E8923717F49}"
EndProject
Project("{FAE04EC0-301F-11D3-BF4B-00C04F79EFBC}") = "TASK.Data", "TASK.Data\TASK.Data.csproj", "{8EEE65F2-D555-4C1C-ACA1-0A5F26B2834E}"
EndProject
Project("{FAE04EC0-301F-11D3-BF4B-00C04F79EFBC}") = "PluggableModulesInterface", "PluggableModulesInterface\PluggableModulesInterface.csproj", "{AE159CE2-BCCD-4383-9451-D37CD9AFD5F7}"
EndProject
Project("{FAE04EC0-301F-11D3-BF4B-00C04F79EFBC}") = "StorageManagement", "StorageManagement\StorageManagement.csproj", "{6A073C67-0262-4880-ACF8-BC96EA606E4A}"
EndProject
Project("{FAE04EC0-301F-11D3-BF4B-00C04F79EFBC}") = "Utils", "Utils\Utils.csproj", "{348DB532-0CD9-43E7-A420-60F30710A2F6}"
EndProject
Project("{FAE04EC0-301F-11D3-BF4B-00C04F79EFBC}") = "DATABASE", "DATABASE\DATABASE.csproj", "{79E734F2-EA8D-44A9-8080-CE24D6095E86}"
EndProject
Project("{FAE04EC0-301F-11D3-BF4B-00C04F79EFBC}") = "Common", "Common\Common.csproj", "{D8C38F81-66BA-424F-966C-C6DBA57A20E8}"
EndProject
Project("{FAE04EC0-301F-11D3-BF4B-00C04F79EFBC}") = "DATAACCESS", "DATAACCESS\DATAACCESS.csproj", "{55FA651D-376B-4A7E-BA5B-1D933E840F00}"
EndProject
Project("{FAE04EC0-301F-11D3-BF4B-00C04F79EFBC}") = "TASK.Settings", "TASK.Settings\TASK.Settings.csproj", "{09E6C3F9-FE33-47CA-A173-5A17089DD14D}"
EndProject
Project("{FAE04EC0-301F-11D3-BF4B-00C04F79EFBC}") = "ALSC.eInvoiceTest", "ALSC.eInvoiceTest\ALSC.eInvoiceTest.csproj", "{0B018E94-458F-4F46-92FA-2FF74C8A912A}"
EndProject
Project("{FAE04EC0-301F-11D3-BF4B-00C04F79EFBC}") = "PDFtoPrinter", "PDFtoPrinter\PDFtoPrinter.csproj", "{50D7F1B5-622B-41BC-9A56-7C9A92B487D8}"
EndProject
Project("{FAE04EC0-301F-11D3-BF4B-00C04F79EFBC}") = "ALSx.eInvoice", "ALSx.eInvoice\ALSx.eInvoice.csproj", "{556ABF35-3536-458D-A62C-733975CB202D}"
EndProject
Project("{FAE04EC0-301F-11D3-BF4B-00C04F79EFBC}") = "Alsx.CanceleInvoice78", "Alsx.CanceleInvoice78\Alsx.CanceleInvoice78.csproj", "{C1558C04-FD3C-42F3-8F1A-2B1EF1A02440}"
EndProject
Project("{FAE04EC0-301F-11D3-BF4B-00C04F79EFBC}") = "ALSC.eInvoiceGetDataFromHermes", "ALSC.eInvoiceGetDataFromHermes\ALSC.eInvoiceGetDataFromHermes.csproj", "{EC600BE2-6F19-45DC-AC51-85CE679EBB98}"
EndProject
Project("{FAE04EC0-301F-11D3-BF4B-00C04F79EFBC}") = "DebitTest", "DebitTest\DebitTest.csproj", "{F80610BE-8D82-4FD1-8C0B-A89C9E5676E1}"
EndProject
Project("{FAE04EC0-301F-11D3-BF4B-00C04F79EFBC}") = "ALSC.eDebit", "ALSC.eDebit\ALSC.eDebit.csproj", "{583FDE54-FAEE-420A-AEED-4DA636E1ABB6}"
EndProject
Global
	GlobalSection(SolutionConfigurationPlatforms) = preSolution
		Debug|Any CPU = Debug|Any CPU
		Release|Any CPU = Release|Any CPU
	EndGlobalSection
	GlobalSection(ProjectConfigurationPlatforms) = postSolution
		{99A2F589-62D1-42C4-B056-802BEF65D07E}.Debug|Any CPU.ActiveCfg = Debug|Any CPU
		{99A2F589-62D1-42C4-B056-802BEF65D07E}.Debug|Any CPU.Build.0 = Debug|Any CPU
		{99A2F589-62D1-42C4-B056-802BEF65D07E}.Release|Any CPU.ActiveCfg = Release|Any CPU
		{99A2F589-62D1-42C4-B056-802BEF65D07E}.Release|Any CPU.Build.0 = Release|Any CPU
		{B9F75098-E25F-466C-91CF-103032B28608}.Debug|Any CPU.ActiveCfg = Debug|Any CPU
		{B9F75098-E25F-466C-91CF-103032B28608}.Debug|Any CPU.Build.0 = Debug|Any CPU
		{B9F75098-E25F-466C-91CF-103032B28608}.Release|Any CPU.ActiveCfg = Release|Any CPU
		{B9F75098-E25F-466C-91CF-103032B28608}.Release|Any CPU.Build.0 = Release|Any CPU
		{A837B338-2EAE-4D3A-8536-71FB77F8DD0B}.Debug|Any CPU.ActiveCfg = Debug|Any CPU
		{A837B338-2EAE-4D3A-8536-71FB77F8DD0B}.Debug|Any CPU.Build.0 = Debug|Any CPU
		{A837B338-2EAE-4D3A-8536-71FB77F8DD0B}.Release|Any CPU.ActiveCfg = Release|Any CPU
		{A837B338-2EAE-4D3A-8536-71FB77F8DD0B}.Release|Any CPU.Build.0 = Release|Any CPU
		{DDA86CDD-D471-4DE0-998D-7E8923717F49}.Debug|Any CPU.ActiveCfg = Debug|Any CPU
		{DDA86CDD-D471-4DE0-998D-7E8923717F49}.Debug|Any CPU.Build.0 = Debug|Any CPU
		{DDA86CDD-D471-4DE0-998D-7E8923717F49}.Release|Any CPU.ActiveCfg = Release|Any CPU
		{DDA86CDD-D471-4DE0-998D-7E8923717F49}.Release|Any CPU.Build.0 = Release|Any CPU
		{8EEE65F2-D555-4C1C-ACA1-0A5F26B2834E}.Debug|Any CPU.ActiveCfg = Debug|Any CPU
		{8EEE65F2-D555-4C1C-ACA1-0A5F26B2834E}.Debug|Any CPU.Build.0 = Debug|Any CPU
		{8EEE65F2-D555-4C1C-ACA1-0A5F26B2834E}.Release|Any CPU.ActiveCfg = Release|Any CPU
		{8EEE65F2-D555-4C1C-ACA1-0A5F26B2834E}.Release|Any CPU.Build.0 = Release|Any CPU
		{AE159CE2-BCCD-4383-9451-D37CD9AFD5F7}.Debug|Any CPU.ActiveCfg = Debug|Any CPU
		{AE159CE2-BCCD-4383-9451-D37CD9AFD5F7}.Debug|Any CPU.Build.0 = Debug|Any CPU
		{AE159CE2-BCCD-4383-9451-D37CD9AFD5F7}.Release|Any CPU.ActiveCfg = Release|Any CPU
		{AE159CE2-BCCD-4383-9451-D37CD9AFD5F7}.Release|Any CPU.Build.0 = Release|Any CPU
		{6A073C67-0262-4880-ACF8-BC96EA606E4A}.Debug|Any CPU.ActiveCfg = Debug|Any CPU
		{6A073C67-0262-4880-ACF8-BC96EA606E4A}.Debug|Any CPU.Build.0 = Debug|Any CPU
		{6A073C67-0262-4880-ACF8-BC96EA606E4A}.Release|Any CPU.ActiveCfg = Release|Any CPU
		{6A073C67-0262-4880-ACF8-BC96EA606E4A}.Release|Any CPU.Build.0 = Release|Any CPU
		{348DB532-0CD9-43E7-A420-60F30710A2F6}.Debug|Any CPU.ActiveCfg = Debug|Any CPU
		{348DB532-0CD9-43E7-A420-60F30710A2F6}.Debug|Any CPU.Build.0 = Debug|Any CPU
		{348DB532-0CD9-43E7-A420-60F30710A2F6}.Release|Any CPU.ActiveCfg = Release|Any CPU
		{348DB532-0CD9-43E7-A420-60F30710A2F6}.Release|Any CPU.Build.0 = Release|Any CPU
		{79E734F2-EA8D-44A9-8080-CE24D6095E86}.Debug|Any CPU.ActiveCfg = Debug|Any CPU
		{79E734F2-EA8D-44A9-8080-CE24D6095E86}.Debug|Any CPU.Build.0 = Debug|Any CPU
		{79E734F2-EA8D-44A9-8080-CE24D6095E86}.Release|Any CPU.ActiveCfg = Release|Any CPU
		{79E734F2-EA8D-44A9-8080-CE24D6095E86}.Release|Any CPU.Build.0 = Release|Any CPU
		{D8C38F81-66BA-424F-966C-C6DBA57A20E8}.Debug|Any CPU.ActiveCfg = Debug|Any CPU
		{D8C38F81-66BA-424F-966C-C6DBA57A20E8}.Debug|Any CPU.Build.0 = Debug|Any CPU
		{D8C38F81-66BA-424F-966C-C6DBA57A20E8}.Release|Any CPU.ActiveCfg = Release|Any CPU
		{D8C38F81-66BA-424F-966C-C6DBA57A20E8}.Release|Any CPU.Build.0 = Release|Any CPU
		{55FA651D-376B-4A7E-BA5B-1D933E840F00}.Debug|Any CPU.ActiveCfg = Debug|Any CPU
		{55FA651D-376B-4A7E-BA5B-1D933E840F00}.Debug|Any CPU.Build.0 = Debug|Any CPU
		{55FA651D-376B-4A7E-BA5B-1D933E840F00}.Release|Any CPU.ActiveCfg = Release|Any CPU
		{55FA651D-376B-4A7E-BA5B-1D933E840F00}.Release|Any CPU.Build.0 = Release|Any CPU
		{09E6C3F9-FE33-47CA-A173-5A17089DD14D}.Debug|Any CPU.ActiveCfg = Debug|Any CPU
		{09E6C3F9-FE33-47CA-A173-5A17089DD14D}.Debug|Any CPU.Build.0 = Debug|Any CPU
		{09E6C3F9-FE33-47CA-A173-5A17089DD14D}.Release|Any CPU.ActiveCfg = Release|Any CPU
		{09E6C3F9-FE33-47CA-A173-5A17089DD14D}.Release|Any CPU.Build.0 = Release|Any CPU
		{0B018E94-458F-4F46-92FA-2FF74C8A912A}.Debug|Any CPU.ActiveCfg = Debug|Any CPU
		{0B018E94-458F-4F46-92FA-2FF74C8A912A}.Debug|Any CPU.Build.0 = Debug|Any CPU
		{0B018E94-458F-4F46-92FA-2FF74C8A912A}.Release|Any CPU.ActiveCfg = Release|Any CPU
		{0B018E94-458F-4F46-92FA-2FF74C8A912A}.Release|Any CPU.Build.0 = Release|Any CPU
		{50D7F1B5-622B-41BC-9A56-7C9A92B487D8}.Debug|Any CPU.ActiveCfg = Debug|Any CPU
		{50D7F1B5-622B-41BC-9A56-7C9A92B487D8}.Debug|Any CPU.Build.0 = Debug|Any CPU
		{50D7F1B5-622B-41BC-9A56-7C9A92B487D8}.Release|Any CPU.ActiveCfg = Release|Any CPU
		{50D7F1B5-622B-41BC-9A56-7C9A92B487D8}.Release|Any CPU.Build.0 = Release|Any CPU
		{556ABF35-3536-458D-A62C-733975CB202D}.Debug|Any CPU.ActiveCfg = Debug|Any CPU
		{556ABF35-3536-458D-A62C-733975CB202D}.Debug|Any CPU.Build.0 = Debug|Any CPU
		{556ABF35-3536-458D-A62C-733975CB202D}.Release|Any CPU.ActiveCfg = Release|Any CPU
		{556ABF35-3536-458D-A62C-733975CB202D}.Release|Any CPU.Build.0 = Release|Any CPU
		{C1558C04-FD3C-42F3-8F1A-2B1EF1A02440}.Debug|Any CPU.ActiveCfg = Debug|Any CPU
		{C1558C04-FD3C-42F3-8F1A-2B1EF1A02440}.Debug|Any CPU.Build.0 = Debug|Any CPU
		{C1558C04-FD3C-42F3-8F1A-2B1EF1A02440}.Release|Any CPU.ActiveCfg = Release|Any CPU
		{C1558C04-FD3C-42F3-8F1A-2B1EF1A02440}.Release|Any CPU.Build.0 = Release|Any CPU
		{EC600BE2-6F19-45DC-AC51-85CE679EBB98}.Debug|Any CPU.ActiveCfg = Debug|Any CPU
		{EC600BE2-6F19-45DC-AC51-85CE679EBB98}.Debug|Any CPU.Build.0 = Debug|Any CPU
		{EC600BE2-6F19-45DC-AC51-85CE679EBB98}.Release|Any CPU.ActiveCfg = Release|Any CPU
		{EC600BE2-6F19-45DC-AC51-85CE679EBB98}.Release|Any CPU.Build.0 = Release|Any CPU
		{F80610BE-8D82-4FD1-8C0B-A89C9E5676E1}.Debug|Any CPU.ActiveCfg = Debug|Any CPU
		{F80610BE-8D82-4FD1-8C0B-A89C9E5676E1}.Debug|Any CPU.Build.0 = Debug|Any CPU
		{F80610BE-8D82-4FD1-8C0B-A89C9E5676E1}.Release|Any CPU.ActiveCfg = Release|Any CPU
		{F80610BE-8D82-4FD1-8C0B-A89C9E5676E1}.Release|Any CPU.Build.0 = Release|Any CPU
		{583FDE54-FAEE-420A-AEED-4DA636E1ABB6}.Debug|Any CPU.ActiveCfg = Debug|Any CPU
		{583FDE54-FAEE-420A-AEED-4DA636E1ABB6}.Debug|Any CPU.Build.0 = Debug|Any CPU
		{583FDE54-FAEE-420A-AEED-4DA636E1ABB6}.Release|Any CPU.ActiveCfg = Release|Any CPU
		{583FDE54-FAEE-420A-AEED-4DA636E1ABB6}.Release|Any CPU.Build.0 = Release|Any CPU
	EndGlobalSection
	GlobalSection(SolutionProperties) = preSolution
		HideSolutionNode = FALSE
	EndGlobalSection
EndGlobal
